{
  "name": "descant",
  "version": "0.1.1",
  "lockfileVersion": 1,
  "requires": true,
  "dependencies": {
    "com.unity.textmeshpro": {
      "version": "0.0.1-security",
      "resolved": "https://registry.npmjs.org/com.unity.textmeshpro/-/com.unity.textmeshpro-0.0.1-security.tgz",
      "integrity": "sha512-h9p0/isKMecQdStOFrtNgUMe4fabwYhhkF8VOPywU1UCYf5kFcBP5zIjXqR8J7Mku0Y5h7IG5vwUkGcGns/ONA=="
    }
  }
}
